
Microsoft Visual Studio Solution File, Format Version 12.00
# Visual Studio Version 17
VisualStudioVersion = 17.8.34408.163
MinimumVisualStudioVersion = 10.0.40219.1
Project("{FAE04EC0-301F-11D3-BF4B-00C04F79EFBC}") = "multisearch_backend", "multisearch_backend\multisearch_backend.csproj", "{F0E07D29-43AB-46B9-B9F1-749B76FDEDEB}"
EndProject
Global
	GlobalSection(SolutionConfigurationPlatforms) = preSolution
		Debug|Any CPU = Debug|Any CPU
		Release|Any CPU = Release|Any CPU
	EndGlobalSection
	GlobalSection(ProjectConfigurationPlatforms) = postSolution
		{F0E07D29-43AB-46B9-B9F1-749B76FDEDEB}.Debug|Any CPU.ActiveCfg = Debug|Any CPU
		{F0E07D29-43AB-46B9-B9F1-749B76FDEDEB}.Debug|Any CPU.Build.0 = Debug|Any CPU
		{F0E07D29-43AB-46B9-B9F1-749B76FDEDEB}.Release|Any CPU.ActiveCfg = Release|Any CPU
		{F0E07D29-43AB-46B9-B9F1-749B76FDEDEB}.Release|Any CPU.Build.0 = Release|Any CPU
	EndGlobalSection
	GlobalSection(SolutionProperties) = preSolution
		HideSolutionNode = FALSE
	EndGlobalSection
	GlobalSection(ExtensibilityGlobals) = postSolution
		SolutionGuid = {CC8AC739-7ED5-4E9F-86B6-7CE7B9260243}
	EndGlobalSection
EndGlobal
